<Solution>
  <Folder Name="/Solution Items/">
    <File Path=".env" />
    <File Path=".gitignore" />
  </Folder>
  <Project Path="docker-compose.dcproj">
    <Build />
  </Project>
  <Project Path="FlowersApp.APIGateway/FlowersApp.APIGateway.csproj" Id="3f1135a3-4061-4226-b2c4-e5684b452aec" />
  <Project Path="FlowersApp.Auth/FlowersApp.Auth.csproj" />
  <Project Path="FlowersApp.Catalog/FlowersApp.Catalog.csproj" />
  <Project Path="FlowersApp.Shared/FlowersApp.Shared.csproj" Id="1bda54d4-5fe9-4387-893a-707673ac4c1d" />
</Solution>
